
Microsoft Visual Studio Solution File, Format Version 12.00
# Visual Studio 15
VisualStudioVersion = 15.0.27130.2027
MinimumVisualStudioVersion = 10.0.40219.1
Project("{FAE04EC0-301F-11D3-BF4B-00C04F79EFBC}") = "NugetDownloader", "NugetDownloader\NugetDownloader.csproj", "{C29019ED-A305-4815-BA39-72CE37F8D676}"
EndProject
Global
	GlobalSection(SolutionConfigurationPlatforms) = preSolution
		Debug|Any CPU = Debug|Any CPU
		Release|Any CPU = Release|Any CPU
	EndGlobalSection
	GlobalSection(ProjectConfigurationPlatforms) = postSolution
		{C29019ED-A305-4815-BA39-72CE37F8D676}.Debug|Any CPU.ActiveCfg = Debug|Any CPU
		{C29019ED-A305-4815-BA39-72CE37F8D676}.Debug|Any CPU.Build.0 = Debug|Any CPU
		{C29019ED-A305-4815-BA39-72CE37F8D676}.Release|Any CPU.ActiveCfg = Release|Any CPU
		{C29019ED-A305-4815-BA39-72CE37F8D676}.Release|Any CPU.Build.0 = Release|Any CPU
	EndGlobalSection
	GlobalSection(SolutionProperties) = preSolution
		HideSolutionNode = FALSE
	EndGlobalSection
	GlobalSection(ExtensibilityGlobals) = postSolution
		SolutionGuid = {22F00074-49DD-42CF-821E-57B02A985587}
	EndGlobalSection
EndGlobal
